
Microsoft Visual Studio Solution File, Format Version 12.00
# Visual Studio Version 17
VisualStudioVersion = 17.4.33122.133
MinimumVisualStudioVersion = 10.0.40219.1
Project("{FAE04EC0-301F-11D3-BF4B-00C04F79EFBC}") = "HelloDevOps", "HelloDevOps\HelloDevOps.csproj", "{569E8278-D266-43DB-A500-96F03FEAC068}"
EndProject
Global
	GlobalSection(SolutionConfigurationPlatforms) = preSolution
		Debug|Any CPU = Debug|Any CPU
		Release|Any CPU = Release|Any CPU
	EndGlobalSection
	GlobalSection(ProjectConfigurationPlatforms) = postSolution
		{569E8278-D266-43DB-A500-96F03FEAC068}.Debug|Any CPU.ActiveCfg = Debug|Any CPU
		{569E8278-D266-43DB-A500-96F03FEAC068}.Debug|Any CPU.Build.0 = Debug|Any CPU
		{569E8278-D266-43DB-A500-96F03FEAC068}.Release|Any CPU.ActiveCfg = Release|Any CPU
		{569E8278-D266-43DB-A500-96F03FEAC068}.Release|Any CPU.Build.0 = Release|Any CPU
	EndGlobalSection
	GlobalSection(SolutionProperties) = preSolution
		HideSolutionNode = FALSE
	EndGlobalSection
	GlobalSection(ExtensibilityGlobals) = postSolution
		SolutionGuid = {101E9823-9838-4D7C-ABDD-AC6057B4FAB8}
	EndGlobalSection
EndGlobal
